
Microsoft Visual Studio Solution File, Format Version 12.00
# Visual Studio Version 16
VisualStudioVersion = 16.0.30114.105
MinimumVisualStudioVersion = 10.0.40219.1
Project("{FAE04EC0-301F-11D3-BF4B-00C04F79EFBC}") = "RestaurantMenu", "RestaurantMenu\RestaurantMenu.csproj", "{F9839E57-9554-47CC-8891-A0458E517771}"
EndProject
Global
	GlobalSection(SolutionConfigurationPlatforms) = preSolution
		Debug|Any CPU = Debug|Any CPU
		Release|Any CPU = Release|Any CPU
	EndGlobalSection
	GlobalSection(ProjectConfigurationPlatforms) = postSolution
		{F9839E57-9554-47CC-8891-A0458E517771}.Debug|Any CPU.ActiveCfg = Debug|Any CPU
		{F9839E57-9554-47CC-8891-A0458E517771}.Debug|Any CPU.Build.0 = Debug|Any CPU
		{F9839E57-9554-47CC-8891-A0458E517771}.Release|Any CPU.ActiveCfg = Release|Any CPU
		{F9839E57-9554-47CC-8891-A0458E517771}.Release|Any CPU.Build.0 = Release|Any CPU
	EndGlobalSection
	GlobalSection(SolutionProperties) = preSolution
		HideSolutionNode = FALSE
	EndGlobalSection
	GlobalSection(ExtensibilityGlobals) = postSolution
		SolutionGuid = {084A986A-3034-491F-BF8A-F2FD297778E3}
	EndGlobalSection
EndGlobal
